
Microsoft Visual Studio Solution File, Format Version 12.00
# Visual Studio Version 17
VisualStudioVersion = 17.7.34031.279
MinimumVisualStudioVersion = 10.0.40219.1
Project("{FAE04EC0-301F-11D3-BF4B-00C04F79EFBC}") = "Billing Application Forms APT 2023", "Billing Application Forms APT 2023\Billing Application Forms APT 2023.csproj", "{1C7E8C1D-22DF-42C1-957C-C982B44C23DB}"
EndProject
Global
	GlobalSection(SolutionConfigurationPlatforms) = preSolution
		Debug|Any CPU = Debug|Any CPU
		Release|Any CPU = Release|Any CPU
	EndGlobalSection
	GlobalSection(ProjectConfigurationPlatforms) = postSolution
		{1C7E8C1D-22DF-42C1-957C-C982B44C23DB}.Debug|Any CPU.ActiveCfg = Debug|Any CPU
		{1C7E8C1D-22DF-42C1-957C-C982B44C23DB}.Debug|Any CPU.Build.0 = Debug|Any CPU
		{1C7E8C1D-22DF-42C1-957C-C982B44C23DB}.Release|Any CPU.ActiveCfg = Release|Any CPU
		{1C7E8C1D-22DF-42C1-957C-C982B44C23DB}.Release|Any CPU.Build.0 = Release|Any CPU
	EndGlobalSection
	GlobalSection(SolutionProperties) = preSolution
		HideSolutionNode = FALSE
	EndGlobalSection
	GlobalSection(ExtensibilityGlobals) = postSolution
		SolutionGuid = {148606FE-F4DE-45B5-8200-05CB9B3AE047}
	EndGlobalSection
EndGlobal
